# ProRM HPC4 runtime lock.
#
# Target: CPython 3.11, Linux x86_64.
# Base-provided and digest-locked: torch==2.7.1, CUDA 12.6, cuDNN 9.
#
# Every package introduced above the base image is exact-pinned.  The
# definition installs this file with --no-deps, so an omitted transitive
# dependency fails `pip check` instead of being resolved differently later.

accelerate==1.7.0
aiohappyeyeballs==2.6.1
aiohttp==3.11.18
aiosignal==1.3.2
attrs==25.3.0
certifi==2025.4.26
charset-normalizer==3.4.2
datasets==3.6.0
dill==0.3.8
filelock==3.16.1
frozenlist==1.6.0
fsspec==2025.3.0
huggingface-hub==0.31.4
idna==3.10
multidict==6.4.3
multiprocess==0.70.16
numpy==1.26.4
packaging==24.2
pandas==2.2.3
peft==0.15.2
propcache==0.3.1
psutil==6.1.1
pyarrow==17.0.0
python-dateutil==2.9.0.post0
pytz==2025.2
PyYAML==6.0.2
regex==2024.11.6
requests==2.32.3
safetensors==0.5.3
six==1.17.0
tokenizers==0.21.1
tqdm==4.67.1
transformers==4.52.3
typing_extensions==4.13.2
tzdata==2025.2
urllib3==2.4.0
xxhash==3.5.0
yarl==1.20.0
